
Microsoft Visual Studio Solution File, Format Version 12.00
# Visual Studio Version 17
VisualStudioVersion = 17.6.33829.357
MinimumVisualStudioVersion = 10.0.40219.1
Project("{FAE04EC0-301F-11D3-BF4B-00C04F79EFBC}") = "Agenda_v2", "Agenda_v2\Agenda_v2.csproj", "{163590BB-3C7E-4C7A-A521-2AF4978AD405}"
EndProject
Global
	GlobalSection(SolutionConfigurationPlatforms) = preSolution
		Debug|Any CPU = Debug|Any CPU
		Release|Any CPU = Release|Any CPU
	EndGlobalSection
	GlobalSection(ProjectConfigurationPlatforms) = postSolution
		{163590BB-3C7E-4C7A-A521-2AF4978AD405}.Debug|Any CPU.ActiveCfg = Debug|Any CPU
		{163590BB-3C7E-4C7A-A521-2AF4978AD405}.Debug|Any CPU.Build.0 = Debug|Any CPU
		{163590BB-3C7E-4C7A-A521-2AF4978AD405}.Release|Any CPU.ActiveCfg = Release|Any CPU
		{163590BB-3C7E-4C7A-A521-2AF4978AD405}.Release|Any CPU.Build.0 = Release|Any CPU
	EndGlobalSection
	GlobalSection(SolutionProperties) = preSolution
		HideSolutionNode = FALSE
	EndGlobalSection
	GlobalSection(ExtensibilityGlobals) = postSolution
		SolutionGuid = {B52BF400-EDCE-4865-BD47-5E8B0E4E183C}
	EndGlobalSection
EndGlobal
